// !$*UTF8*$!
{
	archiveVersion = 1;
	classes = {
	};
	objectVersion = 56;
	objects = {

/* Begin PBXBuildFile section */
		26316A692AA8514400923C2C /* SoundUtility.swift in Sources */ = {isa = PBXBuildFile; fileRef = 26316A682AA8514400923C2C /* SoundUtility.swift */; };
		26316A6B2AA8517000923C2C /* MyAppDelegate.swift in Sources */ = {isa = PBXBuildFile; fileRef = 26316A6A2AA8517000923C2C /* MyAppDelegate.swift */; };
		2651F5D02AA5BF0D00CBB8E2 /* TimeUtility.swift in Sources */ = {isa = PBXBuildFile; fileRef = 2651F5CF2AA5BF0D00CBB8E2 /* TimeUtility.swift */; };
		2651F5D42AA6EFE300CBB8E2 /* CustomButtonStyle.swift in Sources */ = {isa = PBXBuildFile; fileRef = 2651F5D32AA6EFE300CBB8E2 /* CustomButtonStyle.swift */; };
		267EE5A42AA4911100675072 /* RiseUpApp.swift in Sources */ = {isa = PBXBuildFile; fileRef = 267EE5A32AA4911100675072 /* RiseUpApp.swift */; };
		267EE5A62AA4911100675072 /* ContentView.swift in Sources */ = {isa = PBXBuildFile; fileRef = 267EE5A52AA4911100675072 /* ContentView.swift */; };
		267EE5A82AA4911200675072 /* Assets.xcassets in Resources */ = {isa = PBXBuildFile; fileRef = 267EE5A72AA4911200675072 /* Assets.xcassets */; };
		267EE5AB2AA4911200675072 /* Preview Assets.xcassets in Resources */ = {isa = PBXBuildFile; fileRef = 267EE5AA2AA4911200675072 /* Preview Assets.xcassets */; };
		267EE5B52AA4911200675072 /* RiseUpTests.swift in Sources */ = {isa = PBXBuildFile; fileRef = 267EE5B42AA4911200675072 /* RiseUpTests.swift */; };
		267EE5BF2AA4911200675072 /* RiseUpUITests.swift in Sources */ = {isa = PBXBuildFile; fileRef = 267EE5BE2AA4911200675072 /* RiseUpUITests.swift */; };
		267EE5C12AA4911200675072 /* RiseUpUITestsLaunchTests.swift in Sources */ = {isa = PBXBuildFile; fileRef = 267EE5C02AA4911200675072 /* RiseUpUITestsLaunchTests.swift */; };
		267EE5CE2AA4915C00675072 /* AlarmViewController.swift in Sources */ = {isa = PBXBuildFile; fileRef = 267EE5CD2AA4915C00675072 /* AlarmViewController.swift */; };
		267EE5D02AA4921300675072 /* alarm.mp3 in Resources */ = {isa = PBXBuildFile; fileRef = 267EE5CF2AA4921300675072 /* alarm.mp3 */; };
		267EE5D22AA4924500675072 /* whos-gonna-carry-the-boats.mp3 in Resources */ = {isa = PBXBuildFile; fileRef = 267EE5D12AA4924500675072 /* whos-gonna-carry-the-boats.mp3 */; };
		267EE5D42AA4928900675072 /* TimePickerView.swift in Sources */ = {isa = PBXBuildFile; fileRef = 267EE5D32AA4928900675072 /* TimePickerView.swift */; };
		267EE5D62AA49A2100675072 /* SharedTime.swift in Sources */ = {isa = PBXBuildFile; fileRef = 267EE5D52AA49A2100675072 /* SharedTime.swift */; };
/* End PBXBuildFile section */

/* Begin PBXContainerItemProxy section */
		267EE5B12AA4911200675072 /* PBXContainerItemProxy */ = {
			isa = PBXContainerItemProxy;
			containerPortal = 267EE5982AA4911100675072 /* Project object */;
			proxyType = 1;
			remoteGlobalIDString = 267EE59F2AA4911100675072;
			remoteInfo = RiseUp;
		};
		267EE5BB2AA4911200675072 /* PBXContainerItemProxy */ = {
			isa = PBXContainerItemProxy;
			containerPortal = 267EE5982AA4911100675072 /* Project object */;
			proxyType = 1;
			remoteGlobalIDString = 267EE59F2AA4911100675072;
			remoteInfo = RiseUp;
		};
/* End PBXContainerItemProxy section */

/* Begin PBXFileReference section */
		26316A682AA8514400923C2C /* SoundUtility.swift */ = {isa = PBXFileReference; lastKnownFileType = sourcecode.swift; path = SoundUtility.swift; sourceTree = "<group>"; };
		26316A6A2AA8517000923C2C /* MyAppDelegate.swift */ = {isa = PBXFileReference; lastKnownFileType = sourcecode.swift; path = MyAppDelegate.swift; sourceTree = "<group>"; };
		2651F5CF2AA5BF0D00CBB8E2 /* TimeUtility.swift */ = {isa = PBXFileReference; lastKnownFileType = sourcecode.swift; path = TimeUtility.swift; sourceTree = "<group>"; };
		2651F5D32AA6EFE300CBB8E2 /* CustomButtonStyle.swift */ = {isa = PBXFileReference; lastKnownFileType = sourcecode.swift; path = CustomButtonStyle.swift; sourceTree = "<group>"; };
		267EE5A02AA4911100675072 /* RiseUp.app */ = {isa = PBXFileReference; explicitFileType = wrapper.application; includeInIndex = 0; path = RiseUp.app; sourceTree = BUILT_PRODUCTS_DIR; };
		267EE5A32AA4911100675072 /* RiseUpApp.swift */ = {isa = PBXFileReference; lastKnownFileType = sourcecode.swift; path = RiseUpApp.swift; sourceTree = "<group>"; };
		267EE5A52AA4911100675072 /* ContentView.swift */ = {isa = PBXFileReference; lastKnownFileType = sourcecode.swift; path = ContentView.swift; sourceTree = "<group>"; };
		267EE5A72AA4911200675072 /* Assets.xcassets */ = {isa = PBXFileReference; lastKnownFileType = folder.assetcatalog; path = Assets.xcassets; sourceTree = "<group>"; };
		267EE5AA2AA4911200675072 /* Preview Assets.xcassets */ = {isa = PBXFileReference; lastKnownFileType = folder.assetcatalog; path = "Preview Assets.xcassets"; sourceTree = "<group>"; };
		267EE5B02AA4911200675072 /* RiseUpTests.xctest */ = {isa = PBXFileReference; explicitFileType = wrapper.cfbundle; includeInIndex = 0; path = RiseUpTests.xctest; sourceTree = BUILT_PRODUCTS_DIR; };
		267EE5B42AA4911200675072 /* RiseUpTests.swift */ = {isa = PBXFileReference; lastKnownFileType = sourcecode.swift; path = RiseUpTests.swift; sourceTree = "<group>"; };
		267EE5BA2AA4911200675072 /* RiseUpUITests.xctest */ = {isa = PBXFileReference; explicitFileType = wrapper.cfbundle; includeInIndex = 0; path = RiseUpUITests.xctest; sourceTree = BUILT_PRODUCTS_DIR; };
		267EE5BE2AA4911200675072 /* RiseUpUITests.swift */ = {isa = PBXFileReference; lastKnownFileType = sourcecode.swift; path = RiseUpUITests.swift; sourceTree = "<group>"; };
		267EE5C02AA4911200675072 /* RiseUpUITestsLaunchTests.swift */ = {isa = PBXFileReference; lastKnownFileType = sourcecode.swift; path = RiseUpUITestsLaunchTests.swift; sourceTree = "<group>"; };
		267EE5CD2AA4915C00675072 /* AlarmViewController.swift */ = {isa = PBXFileReference; lastKnownFileType = sourcecode.swift; path = AlarmViewController.swift; sourceTree = "<group>"; };
		267EE5CF2AA4921300675072 /* alarm.mp3 */ = {isa = PBXFileReference; lastKnownFileType = audio.mp3; path = alarm.mp3; sourceTree = "<group>"; };
		267EE5D12AA4924500675072 /* whos-gonna-carry-the-boats.mp3 */ = {isa = PBXFileReference; lastKnownFileType = audio.mp3; path = "whos-gonna-carry-the-boats.mp3"; sourceTree = "<group>"; };
		267EE5D32AA4928900675072 /* TimePickerView.swift */ = {isa = PBXFileReference; lastKnownFileType = sourcecode.swift; path = TimePickerView.swift; sourceTree = "<group>"; };
		267EE5D52AA49A2100675072 /* SharedTime.swift */ = {isa = PBXFileReference; lastKnownFileType = sourcecode.swift; path = SharedTime.swift; sourceTree = "<group>"; };
/* End PBXFileReference section */

/* Begin PBXFrameworksBuildPhase section */
		267EE59D2AA4911100675072 /* Frameworks */ = {
			isa = PBXFrameworksBuildPhase;
			buildActionMask = 2147483647;
			files = (
			);
			runOnlyForDeploymentPostprocessing = 0;
		};
		267EE5AD2AA4911200675072 /* Frameworks */ = {
			isa = PBXFrameworksBuildPhase;
			buildActionMask = 2147483647;
			files = (
			);
			runOnlyForDeploymentPostprocessing = 0;
		};
		267EE5B72AA4911200675072 /* Frameworks */ = {
			isa = PBXFrameworksBuildPhase;
			buildActionMask = 2147483647;
			files = (
			);
			runOnlyForDeploymentPostprocessing = 0;
		};
/* End PBXFrameworksBuildPhase section */

/* Begin PBXGroup section */
		2651F5D12AA6D81900CBB8E2 /* Utilities */ = {
			isa = PBXGroup;
			children = (
				2651F5CF2AA5BF0D00CBB8E2 /* TimeUtility.swift */,
				26316A682AA8514400923C2C /* SoundUtility.swift */,
			);
			path = Utilities;
			sourceTree = "<group>";
		};
		2651F5D22AA6EFC700CBB8E2 /* Styles */ = {
			isa = PBXGroup;
			children = (
				2651F5D32AA6EFE300CBB8E2 /* CustomButtonStyle.swift */,
			);
			path = Styles;
			sourceTree = "<group>";
		};
		267EE5972AA4911100675072 = {
			isa = PBXGroup;
			children = (
				2651F5D22AA6EFC700CBB8E2 /* Styles */,
				267EE5CF2AA4921300675072 /* alarm.mp3 */,
				267EE5D12AA4924500675072 /* whos-gonna-carry-the-boats.mp3 */,
				2651F5D12AA6D81900CBB8E2 /* Utilities */,
				267EE5A22AA4911100675072 /* RiseUp */,
				267EE5B32AA4911200675072 /* RiseUpTests */,
				267EE5BD2AA4911200675072 /* RiseUpUITests */,
				267EE5A12AA4911100675072 /* Products */,
			);
			sourceTree = "<group>";
		};
		267EE5A12AA4911100675072 /* Products */ = {
			isa = PBXGroup;
			children = (
				267EE5A02AA4911100675072 /* RiseUp.app */,
				267EE5B02AA4911200675072 /* RiseUpTests.xctest */,
				267EE5BA2AA4911200675072 /* RiseUpUITests.xctest */,
			);
			name = Products;
			sourceTree = "<group>";
		};
		267EE5A22AA4911100675072 /* RiseUp */ = {
			isa = PBXGroup;
			children = (
				26316A6A2AA8517000923C2C /* MyAppDelegate.swift */,
				267EE5A32AA4911100675072 /* RiseUpApp.swift */,
				267EE5A52AA4911100675072 /* ContentView.swift */,
				267EE5D32AA4928900675072 /* TimePickerView.swift */,
				267EE5D52AA49A2100675072 /* SharedTime.swift */,
				267EE5CD2AA4915C00675072 /* AlarmViewController.swift */,
				267EE5A72AA4911200675072 /* Assets.xcassets */,
				267EE5A92AA4911200675072 /* Preview Content */,
			);
			path = RiseUp;
			sourceTree = "<group>";
		};
		267EE5A92AA4911200675072 /* Preview Content */ = {
			isa = PBXGroup;
			children = (
				267EE5AA2AA4911200675072 /* Preview Assets.xcassets */,
			);
			path = "Preview Content";
			sourceTree = "<group>";
		};
		267EE5B32AA4911200675072 /* RiseUpTests */ = {
			isa = PBXGroup;
			children = (
				267EE5B42AA4911200675072 /* RiseUpTests.swift */,
			);
			path = RiseUpTests;
			sourceTree = "<group>";
		};
		267EE5BD2AA4911200675072 /* RiseUpUITests */ = {
			isa = PBXGroup;
			children = (
				267EE5BE2AA4911200675072 /* RiseUpUITests.swift */,
				267EE5C02AA4911200675072 /* RiseUpUITestsLaunchTests.swift */,
			);
			path = RiseUpUITests;
			sourceTree = "<group>";
		};
/* End PBXGroup section */

/* Begin PBXNativeTarget section */
		267EE59F2AA4911100675072 /* RiseUp */ = {
			isa = PBXNativeTarget;
			buildConfigurationList = 267EE5C42AA4911200675072 /* Build configuration list for PBXNativeTarget "RiseUp" */;
			buildPhases = (
				267EE59C2AA4911100675072 /* Sources */,
				267EE59D2AA4911100675072 /* Frameworks */,
				267EE59E2AA4911100675072 /* Resources */,
			);
			buildRules = (
			);
			dependencies = (
			);
			name = RiseUp;
			productName = RiseUp;
			productReference = 267EE5A02AA4911100675072 /* RiseUp.app */;
			productType = "com.apple.product-type.application";
		};
		267EE5AF2AA4911200675072 /* RiseUpTests */ = {
			isa = PBXNativeTarget;
			buildConfigurationList = 267EE5C72AA4911200675072 /* Build configuration list for PBXNativeTarget "RiseUpTests" */;
			buildPhases = (
				267EE5AC2AA4911200675072 /* Sources */,
				267EE5AD2AA4911200675072 /* Frameworks */,
				267EE5AE2AA4911200675072 /* Resources */,
			);
			buildRules = (
			);
			dependencies = (
				267EE5B22AA4911200675072 /* PBXTargetDependency */,
			);
			name = RiseUpTests;
			productName = RiseUpTests;
			productReference = 267EE5B02AA4911200675072 /* RiseUpTests.xctest */;
			productType = "com.apple.product-type.bundle.unit-test";
		};
		267EE5B92AA4911200675072 /* RiseUpUITests */ = {
			isa = PBXNativeTarget;
			buildConfigurationList = 267EE5CA2AA4911200675072 /* Build configuration list for PBXNativeTarget "RiseUpUITests" */;
			buildPhases = (
				267EE5B62AA4911200675072 /* Sources */,
				267EE5B72AA4911200675072 /* Frameworks */,
				267EE5B82AA4911200675072 /* Resources */,
			);
			buildRules = (
			);
			dependencies = (
				267EE5BC2AA4911200675072 /* PBXTargetDependency */,
			);
			name = RiseUpUITests;
			productName = RiseUpUITests;
			productReference = 267EE5BA2AA4911200675072 /* RiseUpUITests.xctest */;
			productType = "com.apple.product-type.bundle.ui-testing";
		};
/* End PBXNativeTarget section */

/* Begin PBXProject section */
		267EE5982AA4911100675072 /* Project object */ = {
			isa = PBXProject;
			attributes = {
				BuildIndependentTargetsInParallel = 1;
				LastSwiftUpdateCheck = 1430;
				LastUpgradeCheck = 1430;
				TargetAttributes = {
					267EE59F2AA4911100675072 = {
						CreatedOnToolsVersion = 14.3.1;
					};
					267EE5AF2AA4911200675072 = {
						CreatedOnToolsVersion = 14.3.1;
						TestTargetID = 267EE59F2AA4911100675072;
					};
					267EE5B92AA4911200675072 = {
						CreatedOnToolsVersion = 14.3.1;
						TestTargetID = 267EE59F2AA4911100675072;
					};
				};
			};
			buildConfigurationList = 267EE59B2AA4911100675072 /* Build configuration list for PBXProject "RiseUp" */;
			compatibilityVersion = "Xcode 14.0";
			developmentRegion = en;
			hasScannedForEncodings = 0;
			knownRegions = (
				en,
				Base,
			);
			mainGroup = 267EE5972AA4911100675072;
			productRefGroup = 267EE5A12AA4911100675072 /* Products */;
			projectDirPath = "";
			projectRoot = "";
			targets = (
				267EE59F2AA4911100675072 /* RiseUp */,
				267EE5AF2AA4911200675072 /* RiseUpTests */,
				267EE5B92AA4911200675072 /* RiseUpUITests */,
			);
		};
/* End PBXProject section */

/* Begin PBXResourcesBuildPhase section */
		267EE59E2AA4911100675072 /* Resources */ = {
			isa = PBXResourcesBuildPhase;
			buildActionMask = 2147483647;
			files = (
				267EE5AB2AA4911200675072 /* Preview Assets.xcassets in Resources */,
				267EE5A82AA4911200675072 /* Assets.xcassets in Resources */,
				267EE5D02AA4921300675072 /* alarm.mp3 in Resources */,
				267EE5D22AA4924500675072 /* whos-gonna-carry-the-boats.mp3 in Resources */,
			);
			runOnlyForDeploymentPostprocessing = 0;
		};
		267EE5AE2AA4911200675072 /* Resources */ = {
			isa = PBXResourcesBuildPhase;
			buildActionMask = 2147483647;
			files = (
			);
			runOnlyForDeploymentPostprocessing = 0;
		};
		267EE5B82AA4911200675072 /* Resources */ = {
			isa = PBXResourcesBuildPhase;
			buildActionMask = 2147483647;
			files = (
			);
			runOnlyForDeploymentPostprocessing = 0;
		};
/* End PBXResourcesBuildPhase section */

/* Begin PBXSourcesBuildPhase section */
		267EE59C2AA4911100675072 /* Sources */ = {
			isa = PBXSourcesBuildPhase;
			buildActionMask = 2147483647;
			files = (
				267EE5A62AA4911100675072 /* ContentView.swift in Sources */,
				267EE5A42AA4911100675072 /* RiseUpApp.swift in Sources */,
				26316A692AA8514400923C2C /* SoundUtility.swift in Sources */,
				267EE5CE2AA4915C00675072 /* AlarmViewController.swift in Sources */,
				26316A6B2AA8517000923C2C /* MyAppDelegate.swift in Sources */,
				267EE5D42AA4928900675072 /* TimePickerView.swift in Sources */,
				267EE5D62AA49A2100675072 /* SharedTime.swift in Sources */,
				2651F5D42AA6EFE300CBB8E2 /* CustomButtonStyle.swift in Sources */,
				2651F5D02AA5BF0D00CBB8E2 /* TimeUtility.swift in Sources */,
			);
			runOnlyForDeploymentPostprocessing = 0;
		};
		267EE5AC2AA4911200675072 /* Sources */ = {
			isa = PBXSourcesBuildPhase;
			buildActionMask = 2147483647;
			files = (
				267EE5B52AA4911200675072 /* RiseUpTests.swift in Sources */,
			);
			runOnlyForDeploymentPostprocessing = 0;
		};
		267EE5B62AA4911200675072 /* Sources */ = {
			isa = PBXSourcesBuildPhase;
			buildActionMask = 2147483647;
			files = (
				267EE5C12AA4911200675072 /* RiseUpUITestsLaunchTests.swift in Sources */,
				267EE5BF2AA4911200675072 /* RiseUpUITests.swift in Sources */,
			);
			runOnlyForDeploymentPostprocessing = 0;
		};
/* End PBXSourcesBuildPhase section */

/* Begin PBXTargetDependency section */
		267EE5B22AA4911200675072 /* PBXTargetDependency */ = {
			isa = PBXTargetDependency;
			target = 267EE59F2AA4911100675072 /* RiseUp */;
			targetProxy = 267EE5B12AA4911200675072 /* PBXContainerItemProxy */;
		};
		267EE5BC2AA4911200675072 /* PBXTargetDependency */ = {
			isa = PBXTargetDependency;
			target = 267EE59F2AA4911100675072 /* RiseUp */;
			targetProxy = 267EE5BB2AA4911200675072 /* PBXContainerItemProxy */;
		};
/* End PBXTargetDependency section */

/* Begin XCBuildConfiguration section */
		267EE5C22AA4911200675072 /* Debug */ = {
			isa = XCBuildConfiguration;
			buildSettings = {
				ALWAYS_SEARCH_USER_PATHS = NO;
				CLANG_ANALYZER_NONNULL = YES;
				CLANG_ANALYZER_NUMBER_OBJECT_CONVERSION = YES_AGGRESSIVE;
				CLANG_CXX_LANGUAGE_STANDARD = "gnu++20";
				CLANG_ENABLE_MODULES = YES;
				CLANG_ENABLE_OBJC_ARC = YES;
				CLANG_ENABLE_OBJC_WEAK = YES;
				CLANG_WARN_BLOCK_CAPTURE_AUTORELEASING = YES;
				CLANG_WARN_BOOL_CONVERSION = YES;
				CLANG_WARN_COMMA = YES;
				CLANG_WARN_CONSTANT_CONVERSION = YES;
				CLANG_WARN_DEPRECATED_OBJC_IMPLEMENTATIONS = YES;
				CLANG_WARN_DIRECT_OBJC_ISA_USAGE = YES_ERROR;
				CLANG_WARN_DOCUMENTATION_COMMENTS = YES;
				CLANG_WARN_EMPTY_BODY = YES;
				CLANG_WARN_ENUM_CONVERSION = YES;
				CLANG_WARN_INFINITE_RECURSION = YES;
				CLANG_WARN_INT_CONVERSION = YES;
				CLANG_WARN_NON_LITERAL_NULL_CONVERSION = YES;
				CLANG_WARN_OBJC_IMPLICIT_RETAIN_SELF = YES;
				CLANG_WARN_OBJC_LITERAL_CONVERSION = YES;
				CLANG_WARN_OBJC_ROOT_CLASS = YES_ERROR;
				CLANG_WARN_QUOTED_INCLUDE_IN_FRAMEWORK_HEADER = YES;
				CLANG_WARN_RANGE_LOOP_ANALYSIS = YES;
				CLANG_WARN_STRICT_PROTOTYPES = YES;
				CLANG_WARN_SUSPICIOUS_MOVE = YES;
				CLANG_WARN_UNGUARDED_AVAILABILITY = YES_AGGRESSIVE;
				CLANG_WARN_UNREACHABLE_CODE = YES;
				CLANG_WARN__DUPLICATE_METHOD_MATCH = YES;
				COPY_PHASE_STRIP = NO;
				DEBUG_INFORMATION_FORMAT = dwarf;
				ENABLE_STRICT_OBJC_MSGSEND = YES;
				ENABLE_TESTABILITY = YES;
				GCC_C_LANGUAGE_STANDARD = gnu11;
				GCC_DYNAMIC_NO_PIC = NO;
				GCC_NO_COMMON_BLOCKS = YES;
				GCC_OPTIMIZATION_LEVEL = 0;
				GCC_PREPROCESSOR_DEFINITIONS = (
					"DEBUG=1",
					"$(inherited)",
				);
				GCC_WARN_64_TO_32_BIT_CONVERSION = YES;
				GCC_WARN_ABOUT_RETURN_TYPE = YES_ERROR;
				GCC_WARN_UNDECLARED_SELECTOR = YES;
				GCC_WARN_UNINITIALIZED_AUTOS = YES_AGGRESSIVE;
				GCC_WARN_UNUSED_FUNCTION = YES;
				GCC_WARN_UNUSED_VARIABLE = YES;
				IPHONEOS_DEPLOYMENT_TARGET = 16.4;
				MTL_ENABLE_DEBUG_INFO = INCLUDE_SOURCE;
				MTL_FAST_MATH = YES;
				ONLY_ACTIVE_ARCH = YES;
				SDKROOT = iphoneos;
				SWIFT_ACTIVE_COMPILATION_CONDITIONS = DEBUG;
				SWIFT_OPTIMIZATION_LEVEL = "-Onone";
			};
			name = Debug;
		};
		267EE5C32AA4911200675072 /* Release */ = {
			isa = XCBuildConfiguration;
			buildSettings = {
				ALWAYS_SEARCH_USER_PATHS = NO;
				CLANG_ANALYZER_NONNULL = YES;
				CLANG_ANALYZER_NUMBER_OBJECT_CONVERSION = YES_AGGRESSIVE;
				CLANG_CXX_LANGUAGE_STANDARD = "gnu++20";
				CLANG_ENABLE_MODULES = YES;
				CLANG_ENABLE_OBJC_ARC = YES;
				CLANG_ENABLE_OBJC_WEAK = YES;
				CLANG_WARN_BLOCK_CAPTURE_AUTORELEASING = YES;
				CLANG_WARN_BOOL_CONVERSION = YES;
				CLANG_WARN_COMMA = YES;
				CLANG_WARN_CONSTANT_CONVERSION = YES;
				CLANG_WARN_DEPRECATED_OBJC_IMPLEMENTATIONS = YES;
				CLANG_WARN_DIRECT_OBJC_ISA_USAGE = YES_ERROR;
				CLANG_WARN_DOCUMENTATION_COMMENTS = YES;
				CLANG_WARN_EMPTY_BODY = YES;
				CLANG_WARN_ENUM_CONVERSION = YES;
				CLANG_WARN_INFINITE_RECURSION = YES;
				CLANG_WARN_INT_CONVERSION = YES;
				CLANG_WARN_NON_LITERAL_NULL_CONVERSION = YES;
				CLANG_WARN_OBJC_IMPLICIT_RETAIN_SELF = YES;
				CLANG_WARN_OBJC_LITERAL_CONVERSION = YES;
				CLANG_WARN_OBJC_ROOT_CLASS = YES_ERROR;
				CLANG_WARN_QUOTED_INCLUDE_IN_FRAMEWORK_HEADER = YES;
				CLANG_WARN_RANGE_LOOP_ANALYSIS = YES;
				CLANG_WARN_STRICT_PROTOTYPES = YES;
				CLANG_WARN_SUSPICIOUS_MOVE = YES;
				CLANG_WARN_UNGUARDED_AVAILABILITY = YES_AGGRESSIVE;
				CLANG_WARN_UNREACHABLE_CODE = YES;
				CLANG_WARN__DUPLICATE_METHOD_MATCH = YES;
				COPY_PHASE_STRIP = NO;
				DEBUG_INFORMATION_FORMAT = "dwarf-with-dsym";
				ENABLE_NS_ASSERTIONS = NO;
				ENABLE_STRICT_OBJC_MSGSEND = YES;
				GCC_C_LANGUAGE_STANDARD = gnu11;
				GCC_NO_COMMON_BLOCKS = YES;
				GCC_WARN_64_TO_32_BIT_CONVERSION = YES;
				GCC_WARN_ABOUT_RETURN_TYPE = YES_ERROR;
				GCC_WARN_UNDECLARED_SELECTOR = YES;
				GCC_WARN_UNINITIALIZED_AUTOS = YES_AGGRESSIVE;
				GCC_WARN_UNUSED_FUNCTION = YES;
				GCC_WARN_UNUSED_VARIABLE = YES;
				IPHONEOS_DEPLOYMENT_TARGET = 16.4;
				MTL_ENABLE_DEBUG_INFO = NO;
				MTL_FAST_MATH = YES;
				SDKROOT = iphoneos;
				SWIFT_COMPILATION_MODE = wholemodule;
				SWIFT_OPTIMIZATION_LEVEL = "-O";
				VALIDATE_PRODUCT = YES;
			};
			name = Release;
		};
		267EE5C52AA4911200675072 /* Debug */ = {
			isa = XCBuildConfiguration;
			buildSettings = {
				ASSETCATALOG_COMPILER_APPICON_NAME = AppIcon;
				ASSETCATALOG_COMPILER_GLOBAL_ACCENT_COLOR_NAME = AccentColor;
				CODE_SIGN_STYLE = Automatic;
				CURRENT_PROJECT_VERSION = 1;
				DEVELOPMENT_ASSET_PATHS = "\"RiseUp/Preview Content\"";
				DEVELOPMENT_TEAM = 4CLVCQ7N3P;
				ENABLE_PREVIEWS = YES;
				GENERATE_INFOPLIST_FILE = YES;
				INFOPLIST_KEY_UIApplicationSceneManifest_Generation = YES;
				INFOPLIST_KEY_UIApplicationSupportsIndirectInputEvents = YES;
				INFOPLIST_KEY_UILaunchScreen_Generation = YES;
				INFOPLIST_KEY_UISupportedInterfaceOrientations_iPad = "UIInterfaceOrientationPortrait UIInterfaceOrientationPortraitUpsideDown UIInterfaceOrientationLandscapeLeft UIInterfaceOrientationLandscapeRight";
				INFOPLIST_KEY_UISupportedInterfaceOrientations_iPhone = "UIInterfaceOrientationPortrait UIInterfaceOrientationLandscapeLeft UIInterfaceOrientationLandscapeRight";
				LD_RUNPATH_SEARCH_PATHS = (
					"$(inherited)",
					"@executable_path/Frameworks",
				);
				MARKETING_VERSION = 1.0;
				PRODUCT_BUNDLE_IDENTIFIER = finessevanes.RiseUp;
				PRODUCT_NAME = "$(TARGET_NAME)";
				SWIFT_EMIT_LOC_STRINGS = YES;
				SWIFT_VERSION = 5.0;
				TARGETED_DEVICE_FAMILY = "1,2";
			};
			name = Debug;
		};
		267EE5C62AA4911200675072 /* Release */ = {
			isa = XCBuildConfiguration;
			buildSettings = {
				ASSETCATALOG_COMPILER_APPICON_NAME = AppIcon;
				ASSETCATALOG_COMPILER_GLOBAL_ACCENT_COLOR_NAME = AccentColor;
				CODE_SIGN_STYLE = Automatic;
				CURRENT_PROJECT_VERSION = 1;
				DEVELOPMENT_ASSET_PATHS = "\"RiseUp/Preview Content\"";
				DEVELOPMENT_TEAM = 4CLVCQ7N3P;
				ENABLE_PREVIEWS = YES;
				GENERATE_INFOPLIST_FILE = YES;
				INFOPLIST_KEY_UIApplicationSceneManifest_Generation = YES;
				INFOPLIST_KEY_UIApplicationSupportsIndirectInputEvents = YES;
				INFOPLIST_KEY_UILaunchScreen_Generation = YES;
				INFOPLIST_KEY_UISupportedInterfaceOrientations_iPad = "UIInterfaceOrientationPortrait UIInterfaceOrientationPortraitUpsideDown UIInterfaceOrientationLandscapeLeft UIInterfaceOrientationLandscapeRight";
				INFOPLIST_KEY_UISupportedInterfaceOrientations_iPhone = "UIInterfaceOrientationPortrait UIInterfaceOrientationLandscapeLeft UIInterfaceOrientationLandscapeRight";
				LD_RUNPATH_SEARCH_PATHS = (
					"$(inherited)",
					"@executable_path/Frameworks",
				);
				MARKETING_VERSION = 1.0;
				PRODUCT_BUNDLE_IDENTIFIER = finessevanes.RiseUp;
				PRODUCT_NAME = "$(TARGET_NAME)";
				SWIFT_EMIT_LOC_STRINGS = YES;
				SWIFT_VERSION = 5.0;
				TARGETED_DEVICE_FAMILY = "1,2";
			};
			name = Release;
		};
		267EE5C82AA4911200675072 /* Debug */ = {
			isa = XCBuildConfiguration;
			buildSettings = {
				ALWAYS_EMBED_SWIFT_STANDARD_LIBRARIES = YES;
				BUNDLE_LOADER = "$(TEST_HOST)";
				CODE_SIGN_STYLE = Automatic;
				CURRENT_PROJECT_VERSION = 1;
				DEVELOPMENT_TEAM = 4CLVCQ7N3P;
				GENERATE_INFOPLIST_FILE = YES;
				IPHONEOS_DEPLOYMENT_TARGET = 16.4;
				MARKETING_VERSION = 1.0;
				PRODUCT_BUNDLE_IDENTIFIER = finessevanes.RiseUpTests;
				PRODUCT_NAME = "$(TARGET_NAME)";
				SWIFT_EMIT_LOC_STRINGS = NO;
				SWIFT_VERSION = 5.0;
				TARGETED_DEVICE_FAMILY = "1,2";
				TEST_HOST = "$(BUILT_PRODUCTS_DIR)/RiseUp.app/$(BUNDLE_EXECUTABLE_FOLDER_PATH)/RiseUp";
			};
			name = Debug;
		};
		267EE5C92AA4911200675072 /* Release */ = {
			isa = XCBuildConfiguration;
			buildSettings = {
				ALWAYS_EMBED_SWIFT_STANDARD_LIBRARIES = YES;
				BUNDLE_LOADER = "$(TEST_HOST)";
				CODE_SIGN_STYLE = Automatic;
				CURRENT_PROJECT_VERSION = 1;
				DEVELOPMENT_TEAM = 4CLVCQ7N3P;
				GENERATE_INFOPLIST_FILE = YES;
				IPHONEOS_DEPLOYMENT_TARGET = 16.4;
				MARKETING_VERSION = 1.0;
				PRODUCT_BUNDLE_IDENTIFIER = finessevanes.RiseUpTests;
				PRODUCT_NAME = "$(TARGET_NAME)";
				SWIFT_EMIT_LOC_STRINGS = NO;
				SWIFT_VERSION = 5.0;
				TARGETED_DEVICE_FAMILY = "1,2";
				TEST_HOST = "$(BUILT_PRODUCTS_DIR)/RiseUp.app/$(BUNDLE_EXECUTABLE_FOLDER_PATH)/RiseUp";
			};
			name = Release;
		};
		267EE5CB2AA4911200675072 /* Debug */ = {
			isa = XCBuildConfiguration;
			buildSettings = {
				ALWAYS_EMBED_SWIFT_STANDARD_LIBRARIES = YES;
				CODE_SIGN_STYLE = Automatic;
				CURRENT_PROJECT_VERSION = 1;
				DEVELOPMENT_TEAM = 4CLVCQ7N3P;
				GENERATE_INFOPLIST_FILE = YES;
				MARKETING_VERSION = 1.0;
				PRODUCT_BUNDLE_IDENTIFIER = finessevanes.RiseUpUITests;
				PRODUCT_NAME = "$(TARGET_NAME)";
				SWIFT_EMIT_LOC_STRINGS = NO;
				SWIFT_VERSION = 5.0;
				TARGETED_DEVICE_FAMILY = "1,2";
				TEST_TARGET_NAME = RiseUp;
			};
			name = Debug;
		};
		267EE5CC2AA4911200675072 /* Release */ = {
			isa = XCBuildConfiguration;
			buildSettings = {
				ALWAYS_EMBED_SWIFT_STANDARD_LIBRARIES = YES;
				CODE_SIGN_STYLE = Automatic;
				CURRENT_PROJECT_VERSION = 1;
				DEVELOPMENT_TEAM = 4CLVCQ7N3P;
				GENERATE_INFOPLIST_FILE = YES;
				MARKETING_VERSION = 1.0;
				PRODUCT_BUNDLE_IDENTIFIER = finessevanes.RiseUpUITests;
				PRODUCT_NAME = "$(TARGET_NAME)";
				SWIFT_EMIT_LOC_STRINGS = NO;
				SWIFT_VERSION = 5.0;
				TARGETED_DEVICE_FAMILY = "1,2";
				TEST_TARGET_NAME = RiseUp;
			};
			name = Release;
		};
/* End XCBuildConfiguration section */

/* Begin XCConfigurationList section */
		267EE59B2AA4911100675072 /* Build configuration list for PBXProject "RiseUp" */ = {
			isa = XCConfigurationList;
			buildConfigurations = (
				267EE5C22AA4911200675072 /* Debug */,
				267EE5C32AA4911200675072 /* Release */,
			);
			defaultConfigurationIsVisible = 0;
			defaultConfigurationName = Release;
		};
		267EE5C42AA4911200675072 /* Build configuration list for PBXNativeTarget "RiseUp" */ = {
			isa = XCConfigurationList;
			buildConfigurations = (
				267EE5C52AA4911200675072 /* Debug */,
				267EE5C62AA4911200675072 /* Release */,
			);
			defaultConfigurationIsVisible = 0;
			defaultConfigurationName = Release;
		};
		267EE5C72AA4911200675072 /* Build configuration list for PBXNativeTarget "RiseUpTests" */ = {
			isa = XCConfigurationList;
			buildConfigurations = (
				267EE5C82AA4911200675072 /* Debug */,
				267EE5C92AA4911200675072 /* Release */,
			);
			defaultConfigurationIsVisible = 0;
			defaultConfigurationName = Release;
		};
		267EE5CA2AA4911200675072 /* Build configuration list for PBXNativeTarget "RiseUpUITests" */ = {
			isa = XCConfigurationList;
			buildConfigurations = (
				267EE5CB2AA4911200675072 /* Debug */,
				267EE5CC2AA4911200675072 /* Release */,
			);
			defaultConfigurationIsVisible = 0;
			defaultConfigurationName = Release;
		};
/* End XCConfigurationList section */
	};
	rootObject = 267EE5982AA4911100675072 /* Project object */;
}
